
Microsoft Visual Studio Solution File, Format Version 12.00
# Visual Studio Version 16
VisualStudioVersion = 16.0.30104.148
MinimumVisualStudioVersion = 10.0.40219.1
Project("{FAE04EC0-301F-11D3-BF4B-00C04F79EFBC}") = "BookStoreAPI.Api", "BookStoreAPI.Api\BookStoreAPI.Api.csproj", "{EA7B3B20-A3A0-46C2-A8FA-E496FE7F6040}"
EndProject
Global
	GlobalSection(SolutionConfigurationPlatforms) = preSolution
		Debug|Any CPU = Debug|Any CPU
		Release|Any CPU = Release|Any CPU
	EndGlobalSection
	GlobalSection(ProjectConfigurationPlatforms) = postSolution
		{EA7B3B20-A3A0-46C2-A8FA-E496FE7F6040}.Debug|Any CPU.ActiveCfg = Debug|Any CPU
		{EA7B3B20-A3A0-46C2-A8FA-E496FE7F6040}.Debug|Any CPU.Build.0 = Debug|Any CPU
		{EA7B3B20-A3A0-46C2-A8FA-E496FE7F6040}.Release|Any CPU.ActiveCfg = Release|Any CPU
		{EA7B3B20-A3A0-46C2-A8FA-E496FE7F6040}.Release|Any CPU.Build.0 = Release|Any CPU
	EndGlobalSection
	GlobalSection(SolutionProperties) = preSolution
		HideSolutionNode = FALSE
	EndGlobalSection
	GlobalSection(ExtensibilityGlobals) = postSolution
		SolutionGuid = {055B38A0-47A0-45F0-AEC0-4F17E2F6F776}
	EndGlobalSection
EndGlobal
